
Microsoft Visual Studio Solution File, Format Version 12.00
# Visual Studio Version 17
VisualStudioVersion = 17.5.33502.453
MinimumVisualStudioVersion = 10.0.40219.1
Project("{9A19103F-16F7-4668-BE54-9A1E7A4F7556}") = "AzureCommunicationServices", "AzureCommunicationServices.csproj", "{78CFB039-9EE6-4AB8-8091-78B13344D0CF}"
EndProject
Project("{FAE04EC0-301F-11D3-BF4B-00C04F79EFBC}") = "ConsoleAppForSendingEmail", "..\ConsoleAppForSendingEmail\ConsoleAppForSendingEmail.csproj", "{0F2B7F1F-62CE-42D5-A374-EBBB58C447CB}"
EndProject
Global
	GlobalSection(SolutionConfigurationPlatforms) = preSolution
		Debug|Any CPU = Debug|Any CPU
		Release|Any CPU = Release|Any CPU
	EndGlobalSection
	GlobalSection(ProjectConfigurationPlatforms) = postSolution
		{78CFB039-9EE6-4AB8-8091-78B13344D0CF}.Debug|Any CPU.ActiveCfg = Debug|Any CPU
		{78CFB039-9EE6-4AB8-8091-78B13344D0CF}.Debug|Any CPU.Build.0 = Debug|Any CPU
		{78CFB039-9EE6-4AB8-8091-78B13344D0CF}.Release|Any CPU.ActiveCfg = Release|Any CPU
		{78CFB039-9EE6-4AB8-8091-78B13344D0CF}.Release|Any CPU.Build.0 = Release|Any CPU
		{0F2B7F1F-62CE-42D5-A374-EBBB58C447CB}.Debug|Any CPU.ActiveCfg = Debug|Any CPU
		{0F2B7F1F-62CE-42D5-A374-EBBB58C447CB}.Debug|Any CPU.Build.0 = Debug|Any CPU
		{0F2B7F1F-62CE-42D5-A374-EBBB58C447CB}.Release|Any CPU.ActiveCfg = Release|Any CPU
		{0F2B7F1F-62CE-42D5-A374-EBBB58C447CB}.Release|Any CPU.Build.0 = Release|Any CPU
	EndGlobalSection
	GlobalSection(SolutionProperties) = preSolution
		HideSolutionNode = FALSE
	EndGlobalSection
	GlobalSection(ExtensibilityGlobals) = postSolution
		SolutionGuid = {C5568678-E69C-4D86-8944-CD12EAE00176}
	EndGlobalSection
EndGlobal
